// !$*UTF8*$!
{
	archiveVersion = 1;
	classes = {
	};
	objectVersion = 50;
	objects = {

/* Begin PBXBuildFile section */
		9E78B47322C4827000B06CF6 /* AppDelegate.swift in Sources */ = {isa = PBXBuildFile; fileRef = 9E78B47222C4827000B06CF6 /* AppDelegate.swift */; };
		9E78B47522C4827000B06CF6 /* ViewController.swift in Sources */ = {isa = PBXBuildFile; fileRef = 9E78B47422C4827000B06CF6 /* ViewController.swift */; };
		9E78B47A22C4827600B06CF6 /* Assets.xcassets in Resources */ = {isa = PBXBuildFile; fileRef = 9E78B47922C4827600B06CF6 /* Assets.xcassets */; };
		9E78B47D22C4827600B06CF6 /* LaunchScreen.storyboard in Resources */ = {isa = PBXBuildFile; fileRef = 9E78B47B22C4827600B06CF6 /* LaunchScreen.storyboard */; };
		9E78B48622C4894C00B06CF6 /* TableData.swift in Sources */ = {isa = PBXBuildFile; fileRef = 9E78B48522C4894C00B06CF6 /* TableData.swift */; };
		9E78B48922C48A7D00B06CF6 /* TableHeaderView.swift in Sources */ = {isa = PBXBuildFile; fileRef = 9E78B48822C48A7D00B06CF6 /* TableHeaderView.swift */; };
		9E78B48C22C48D5100B06CF6 /* UIColorExtension.swift in Sources */ = {isa = PBXBuildFile; fileRef = 9E78B48B22C48D5100B06CF6 /* UIColorExtension.swift */; };
		9E78B48E22C48D6200B06CF6 /* UIGradientExtension.swift in Sources */ = {isa = PBXBuildFile; fileRef = 9E78B48D22C48D6200B06CF6 /* UIGradientExtension.swift */; };
		9E78B49022C4961700B06CF6 /* TableView.swift in Sources */ = {isa = PBXBuildFile; fileRef = 9E78B48F22C4961700B06CF6 /* TableView.swift */; };
		9E78B49222C496B900B06CF6 /* TableCell.swift in Sources */ = {isa = PBXBuildFile; fileRef = 9E78B49122C496B900B06CF6 /* TableCell.swift */; };
		9E78B49722C4CB9A00B06CF6 /* GradientButton.swift in Sources */ = {isa = PBXBuildFile; fileRef = 9E78B49622C4CB9A00B06CF6 /* GradientButton.swift */; };
		9E78B49922C4CCCA00B06CF6 /* GradiantView.swift in Sources */ = {isa = PBXBuildFile; fileRef = 9E78B49822C4CCCA00B06CF6 /* GradiantView.swift */; };
		9E78B49B22C4CFA100B06CF6 /* SecondaryViewController.swift in Sources */ = {isa = PBXBuildFile; fileRef = 9E78B49A22C4CFA100B06CF6 /* SecondaryViewController.swift */; };
		9E78B49D22C4DB5E00B06CF6 /* SessionNavigationController.swift in Sources */ = {isa = PBXBuildFile; fileRef = 9E78B49C22C4DB5E00B06CF6 /* SessionNavigationController.swift */; };
		9E78B49F22C4FA7A00B06CF6 /* UILabelClass.swift in Sources */ = {isa = PBXBuildFile; fileRef = 9E78B49E22C4FA7A00B06CF6 /* UILabelClass.swift */; };
		9E78B4A122C5079300B06CF6 /* SecondaryControllerView.swift in Sources */ = {isa = PBXBuildFile; fileRef = 9E78B4A022C5079300B06CF6 /* SecondaryControllerView.swift */; };
/* End PBXBuildFile section */

/* Begin PBXFileReference section */
		9E78B46F22C4827000B06CF6 /* LearningProject.app */ = {isa = PBXFileReference; explicitFileType = wrapper.application; includeInIndex = 0; path = LearningProject.app; sourceTree = BUILT_PRODUCTS_DIR; };
		9E78B47222C4827000B06CF6 /* AppDelegate.swift */ = {isa = PBXFileReference; lastKnownFileType = sourcecode.swift; path = AppDelegate.swift; sourceTree = "<group>"; };
		9E78B47422C4827000B06CF6 /* ViewController.swift */ = {isa = PBXFileReference; lastKnownFileType = sourcecode.swift; path = ViewController.swift; sourceTree = "<group>"; };
		9E78B47922C4827600B06CF6 /* Assets.xcassets */ = {isa = PBXFileReference; lastKnownFileType = folder.assetcatalog; path = Assets.xcassets; sourceTree = "<group>"; };
		9E78B47C22C4827600B06CF6 /* Base */ = {isa = PBXFileReference; lastKnownFileType = file.storyboard; name = Base; path = Base.lproj/LaunchScreen.storyboard; sourceTree = "<group>"; };
		9E78B47E22C4827600B06CF6 /* Info.plist */ = {isa = PBXFileReference; lastKnownFileType = text.plist.xml; path = Info.plist; sourceTree = "<group>"; };
		9E78B48522C4894C00B06CF6 /* TableData.swift */ = {isa = PBXFileReference; lastKnownFileType = sourcecode.swift; path = TableData.swift; sourceTree = "<group>"; };
		9E78B48822C48A7D00B06CF6 /* TableHeaderView.swift */ = {isa = PBXFileReference; lastKnownFileType = sourcecode.swift; path = TableHeaderView.swift; sourceTree = "<group>"; };
		9E78B48B22C48D5100B06CF6 /* UIColorExtension.swift */ = {isa = PBXFileReference; lastKnownFileType = sourcecode.swift; path = UIColorExtension.swift; sourceTree = "<group>"; };
		9E78B48D22C48D6200B06CF6 /* UIGradientExtension.swift */ = {isa = PBXFileReference; lastKnownFileType = sourcecode.swift; path = UIGradientExtension.swift; sourceTree = "<group>"; };
		9E78B48F22C4961700B06CF6 /* TableView.swift */ = {isa = PBXFileReference; lastKnownFileType = sourcecode.swift; path = TableView.swift; sourceTree = "<group>"; };
		9E78B49122C496B900B06CF6 /* TableCell.swift */ = {isa = PBXFileReference; lastKnownFileType = sourcecode.swift; path = TableCell.swift; sourceTree = "<group>"; };
		9E78B49622C4CB9A00B06CF6 /* GradientButton.swift */ = {isa = PBXFileReference; lastKnownFileType = sourcecode.swift; name = GradientButton.swift; path = ../View/GradientButton.swift; sourceTree = "<group>"; };
		9E78B49822C4CCCA00B06CF6 /* GradiantView.swift */ = {isa = PBXFileReference; lastKnownFileType = sourcecode.swift; name = GradiantView.swift; path = ../View/GradiantView.swift; sourceTree = "<group>"; };
		9E78B49A22C4CFA100B06CF6 /* SecondaryViewController.swift */ = {isa = PBXFileReference; lastKnownFileType = sourcecode.swift; path = SecondaryViewController.swift; sourceTree = "<group>"; };
		9E78B49C22C4DB5E00B06CF6 /* SessionNavigationController.swift */ = {isa = PBXFileReference; lastKnownFileType = sourcecode.swift; path = SessionNavigationController.swift; sourceTree = "<group>"; };
		9E78B49E22C4FA7A00B06CF6 /* UILabelClass.swift */ = {isa = PBXFileReference; lastKnownFileType = sourcecode.swift; name = UILabelClass.swift; path = ../View/UILabelClass.swift; sourceTree = "<group>"; };
		9E78B4A022C5079300B06CF6 /* SecondaryControllerView.swift */ = {isa = PBXFileReference; lastKnownFileType = sourcecode.swift; path = SecondaryControllerView.swift; sourceTree = "<group>"; };
/* End PBXFileReference section */

/* Begin PBXFrameworksBuildPhase section */
		9E78B46C22C4827000B06CF6 /* Frameworks */ = {
			isa = PBXFrameworksBuildPhase;
			buildActionMask = 2147483647;
			files = (
			);
			runOnlyForDeploymentPostprocessing = 0;
		};
/* End PBXFrameworksBuildPhase section */

/* Begin PBXGroup section */
		9E78B46622C4827000B06CF6 = {
			isa = PBXGroup;
			children = (
				9E78B47122C4827000B06CF6 /* LearningProject */,
				9E78B47022C4827000B06CF6 /* Products */,
			);
			sourceTree = "<group>";
		};
		9E78B47022C4827000B06CF6 /* Products */ = {
			isa = PBXGroup;
			children = (
				9E78B46F22C4827000B06CF6 /* LearningProject.app */,
			);
			name = Products;
			sourceTree = "<group>";
		};
		9E78B47122C4827000B06CF6 /* LearningProject */ = {
			isa = PBXGroup;
			children = (
				9E78B47222C4827000B06CF6 /* AppDelegate.swift */,
				9E78B4A222C50B2B00B06CF6 /* Helper */,
				9E78B48422C4889700B06CF6 /* Modal */,
				9E78B48722C4898100B06CF6 /* View */,
				9E78B49322C4B03100B06CF6 /* Controller */,
				9E78B48A22C48D3300B06CF6 /* Extension */,
				9E78B47922C4827600B06CF6 /* Assets.xcassets */,
				9E78B47E22C4827600B06CF6 /* Info.plist */,
			);
			path = LearningProject;
			sourceTree = "<group>";
		};
		9E78B48422C4889700B06CF6 /* Modal */ = {
			isa = PBXGroup;
			children = (
				9E78B48522C4894C00B06CF6 /* TableData.swift */,
			);
			path = Modal;
			sourceTree = "<group>";
		};
		9E78B48722C4898100B06CF6 /* View */ = {
			isa = PBXGroup;
			children = (
				9E78B47B22C4827600B06CF6 /* LaunchScreen.storyboard */,
				9E78B48822C48A7D00B06CF6 /* TableHeaderView.swift */,
				9E78B49122C496B900B06CF6 /* TableCell.swift */,
				9E78B48F22C4961700B06CF6 /* TableView.swift */,
				9E78B4A022C5079300B06CF6 /* SecondaryControllerView.swift */,
			);
			path = View;
			sourceTree = "<group>";
		};
		9E78B48A22C48D3300B06CF6 /* Extension */ = {
			isa = PBXGroup;
			children = (
				9E78B48B22C48D5100B06CF6 /* UIColorExtension.swift */,
				9E78B48D22C48D6200B06CF6 /* UIGradientExtension.swift */,
			);
			path = Extension;
			sourceTree = "<group>";
		};
		9E78B49322C4B03100B06CF6 /* Controller */ = {
			isa = PBXGroup;
			children = (
				9E78B47422C4827000B06CF6 /* ViewController.swift */,
				9E78B49A22C4CFA100B06CF6 /* SecondaryViewController.swift */,
				9E78B49C22C4DB5E00B06CF6 /* SessionNavigationController.swift */,
			);
			path = Controller;
			sourceTree = "<group>";
		};
		9E78B4A222C50B2B00B06CF6 /* Helper */ = {
			isa = PBXGroup;
			children = (
				9E78B49622C4CB9A00B06CF6 /* GradientButton.swift */,
				9E78B49822C4CCCA00B06CF6 /* GradiantView.swift */,
				9E78B49E22C4FA7A00B06CF6 /* UILabelClass.swift */,
			);
			path = Helper;
			sourceTree = "<group>";
		};
/* End PBXGroup section */

/* Begin PBXNativeTarget section */
		9E78B46E22C4827000B06CF6 /* LearningProject */ = {
			isa = PBXNativeTarget;
			buildConfigurationList = 9E78B48122C4827600B06CF6 /* Build configuration list for PBXNativeTarget "LearningProject" */;
			buildPhases = (
				9E78B46B22C4827000B06CF6 /* Sources */,
				9E78B46C22C4827000B06CF6 /* Frameworks */,
				9E78B46D22C4827000B06CF6 /* Resources */,
			);
			buildRules = (
			);
			dependencies = (
			);
			name = LearningProject;
			productName = LearningProject;
			productReference = 9E78B46F22C4827000B06CF6 /* LearningProject.app */;
			productType = "com.apple.product-type.application";
		};
/* End PBXNativeTarget section */

/* Begin PBXProject section */
		9E78B46722C4827000B06CF6 /* Project object */ = {
			isa = PBXProject;
			attributes = {
				LastSwiftUpdateCheck = 1020;
				LastUpgradeCheck = 1020;
				ORGANIZATIONNAME = com;
				TargetAttributes = {
					9E78B46E22C4827000B06CF6 = {
						CreatedOnToolsVersion = 10.2.1;
					};
				};
			};
			buildConfigurationList = 9E78B46A22C4827000B06CF6 /* Build configuration list for PBXProject "LearningProject" */;
			compatibilityVersion = "Xcode 9.3";
			developmentRegion = en;
			hasScannedForEncodings = 0;
			knownRegions = (
				en,
				Base,
			);
			mainGroup = 9E78B46622C4827000B06CF6;
			productRefGroup = 9E78B47022C4827000B06CF6 /* Products */;
			projectDirPath = "";
			projectRoot = "";
			targets = (
				9E78B46E22C4827000B06CF6 /* LearningProject */,
			);
		};
/* End PBXProject section */

/* Begin PBXResourcesBuildPhase section */
		9E78B46D22C4827000B06CF6 /* Resources */ = {
			isa = PBXResourcesBuildPhase;
			buildActionMask = 2147483647;
			files = (
				9E78B47D22C4827600B06CF6 /* LaunchScreen.storyboard in Resources */,
				9E78B47A22C4827600B06CF6 /* Assets.xcassets in Resources */,
			);
			runOnlyForDeploymentPostprocessing = 0;
		};
/* End PBXResourcesBuildPhase section */

/* Begin PBXSourcesBuildPhase section */
		9E78B46B22C4827000B06CF6 /* Sources */ = {
			isa = PBXSourcesBuildPhase;
			buildActionMask = 2147483647;
			files = (
				9E78B49922C4CCCA00B06CF6 /* GradiantView.swift in Sources */,
				9E78B48922C48A7D00B06CF6 /* TableHeaderView.swift in Sources */,
				9E78B48622C4894C00B06CF6 /* TableData.swift in Sources */,
				9E78B49222C496B900B06CF6 /* TableCell.swift in Sources */,
				9E78B49D22C4DB5E00B06CF6 /* SessionNavigationController.swift in Sources */,
				9E78B48C22C48D5100B06CF6 /* UIColorExtension.swift in Sources */,
				9E78B49722C4CB9A00B06CF6 /* GradientButton.swift in Sources */,
				9E78B49022C4961700B06CF6 /* TableView.swift in Sources */,
				9E78B49B22C4CFA100B06CF6 /* SecondaryViewController.swift in Sources */,
				9E78B47522C4827000B06CF6 /* ViewController.swift in Sources */,
				9E78B47322C4827000B06CF6 /* AppDelegate.swift in Sources */,
				9E78B4A122C5079300B06CF6 /* SecondaryControllerView.swift in Sources */,
				9E78B49F22C4FA7A00B06CF6 /* UILabelClass.swift in Sources */,
				9E78B48E22C48D6200B06CF6 /* UIGradientExtension.swift in Sources */,
			);
			runOnlyForDeploymentPostprocessing = 0;
		};
/* End PBXSourcesBuildPhase section */

/* Begin PBXVariantGroup section */
		9E78B47B22C4827600B06CF6 /* LaunchScreen.storyboard */ = {
			isa = PBXVariantGroup;
			children = (
				9E78B47C22C4827600B06CF6 /* Base */,
			);
			name = LaunchScreen.storyboard;
			sourceTree = "<group>";
		};
/* End PBXVariantGroup section */

/* Begin XCBuildConfiguration section */
		9E78B47F22C4827600B06CF6 /* Debug */ = {
			isa = XCBuildConfiguration;
			buildSettings = {
				ALWAYS_SEARCH_USER_PATHS = NO;
				CLANG_ANALYZER_NONNULL = YES;
				CLANG_ANALYZER_NUMBER_OBJECT_CONVERSION = YES_AGGRESSIVE;
				CLANG_CXX_LANGUAGE_STANDARD = "gnu++14";
				CLANG_CXX_LIBRARY = "libc++";
				CLANG_ENABLE_MODULES = YES;
				CLANG_ENABLE_OBJC_ARC = YES;
				CLANG_ENABLE_OBJC_WEAK = YES;
				CLANG_WARN_BLOCK_CAPTURE_AUTORELEASING = YES;
				CLANG_WARN_BOOL_CONVERSION = YES;
				CLANG_WARN_COMMA = YES;
				CLANG_WARN_CONSTANT_CONVERSION = YES;
				CLANG_WARN_DEPRECATED_OBJC_IMPLEMENTATIONS = YES;
				CLANG_WARN_DIRECT_OBJC_ISA_USAGE = YES_ERROR;
				CLANG_WARN_DOCUMENTATION_COMMENTS = YES;
				CLANG_WARN_EMPTY_BODY = YES;
				CLANG_WARN_ENUM_CONVERSION = YES;
				CLANG_WARN_INFINITE_RECURSION = YES;
				CLANG_WARN_INT_CONVERSION = YES;
				CLANG_WARN_NON_LITERAL_NULL_CONVERSION = YES;
				CLANG_WARN_OBJC_IMPLICIT_RETAIN_SELF = YES;
				CLANG_WARN_OBJC_LITERAL_CONVERSION = YES;
				CLANG_WARN_OBJC_ROOT_CLASS = YES_ERROR;
				CLANG_WARN_RANGE_LOOP_ANALYSIS = YES;
				CLANG_WARN_STRICT_PROTOTYPES = YES;
				CLANG_WARN_SUSPICIOUS_MOVE = YES;
				CLANG_WARN_UNGUARDED_AVAILABILITY = YES_AGGRESSIVE;
				CLANG_WARN_UNREACHABLE_CODE = YES;
				CLANG_WARN__DUPLICATE_METHOD_MATCH = YES;
				CODE_SIGN_IDENTITY = "iPhone Developer";
				COPY_PHASE_STRIP = NO;
				DEBUG_INFORMATION_FORMAT = dwarf;
				ENABLE_STRICT_OBJC_MSGSEND = YES;
				ENABLE_TESTABILITY = YES;
				GCC_C_LANGUAGE_STANDARD = gnu11;
				GCC_DYNAMIC_NO_PIC = NO;
				GCC_NO_COMMON_BLOCKS = YES;
				GCC_OPTIMIZATION_LEVEL = 0;
				GCC_PREPROCESSOR_DEFINITIONS = (
					"DEBUG=1",
					"$(inherited)",
				);
				GCC_WARN_64_TO_32_BIT_CONVERSION = YES;
				GCC_WARN_ABOUT_RETURN_TYPE = YES_ERROR;
				GCC_WARN_UNDECLARED_SELECTOR = YES;
				GCC_WARN_UNINITIALIZED_AUTOS = YES_AGGRESSIVE;
				GCC_WARN_UNUSED_FUNCTION = YES;
				GCC_WARN_UNUSED_VARIABLE = YES;
				IPHONEOS_DEPLOYMENT_TARGET = 12.2;
				MTL_ENABLE_DEBUG_INFO = INCLUDE_SOURCE;
				MTL_FAST_MATH = YES;
				ONLY_ACTIVE_ARCH = YES;
				SDKROOT = iphoneos;
				SWIFT_ACTIVE_COMPILATION_CONDITIONS = DEBUG;
				SWIFT_OPTIMIZATION_LEVEL = "-Onone";
			};
			name = Debug;
		};
		9E78B48022C4827600B06CF6 /* Release */ = {
			isa = XCBuildConfiguration;
			buildSettings = {
				ALWAYS_SEARCH_USER_PATHS = NO;
				CLANG_ANALYZER_NONNULL = YES;
				CLANG_ANALYZER_NUMBER_OBJECT_CONVERSION = YES_AGGRESSIVE;
				CLANG_CXX_LANGUAGE_STANDARD = "gnu++14";
				CLANG_CXX_LIBRARY = "libc++";
				CLANG_ENABLE_MODULES = YES;
				CLANG_ENABLE_OBJC_ARC = YES;
				CLANG_ENABLE_OBJC_WEAK = YES;
				CLANG_WARN_BLOCK_CAPTURE_AUTORELEASING = YES;
				CLANG_WARN_BOOL_CONVERSION = YES;
				CLANG_WARN_COMMA = YES;
				CLANG_WARN_CONSTANT_CONVERSION = YES;
				CLANG_WARN_DEPRECATED_OBJC_IMPLEMENTATIONS = YES;
				CLANG_WARN_DIRECT_OBJC_ISA_USAGE = YES_ERROR;
				CLANG_WARN_DOCUMENTATION_COMMENTS = YES;
				CLANG_WARN_EMPTY_BODY = YES;
				CLANG_WARN_ENUM_CONVERSION = YES;
				CLANG_WARN_INFINITE_RECURSION = YES;
				CLANG_WARN_INT_CONVERSION = YES;
				CLANG_WARN_NON_LITERAL_NULL_CONVERSION = YES;
				CLANG_WARN_OBJC_IMPLICIT_RETAIN_SELF = YES;
				CLANG_WARN_OBJC_LITERAL_CONVERSION = YES;
				CLANG_WARN_OBJC_ROOT_CLASS = YES_ERROR;
				CLANG_WARN_RANGE_LOOP_ANALYSIS = YES;
				CLANG_WARN_STRICT_PROTOTYPES = YES;
				CLANG_WARN_SUSPICIOUS_MOVE = YES;
				CLANG_WARN_UNGUARDED_AVAILABILITY = YES_AGGRESSIVE;
				CLANG_WARN_UNREACHABLE_CODE = YES;
				CLANG_WARN__DUPLICATE_METHOD_MATCH = YES;
				CODE_SIGN_IDENTITY = "iPhone Developer";
				COPY_PHASE_STRIP = NO;
				DEBUG_INFORMATION_FORMAT = "dwarf-with-dsym";
				ENABLE_NS_ASSERTIONS = NO;
				ENABLE_STRICT_OBJC_MSGSEND = YES;
				GCC_C_LANGUAGE_STANDARD = gnu11;
				GCC_NO_COMMON_BLOCKS = YES;
				GCC_WARN_64_TO_32_BIT_CONVERSION = YES;
				GCC_WARN_ABOUT_RETURN_TYPE = YES_ERROR;
				GCC_WARN_UNDECLARED_SELECTOR = YES;
				GCC_WARN_UNINITIALIZED_AUTOS = YES_AGGRESSIVE;
				GCC_WARN_UNUSED_FUNCTION = YES;
				GCC_WARN_UNUSED_VARIABLE = YES;
				IPHONEOS_DEPLOYMENT_TARGET = 12.2;
				MTL_ENABLE_DEBUG_INFO = NO;
				MTL_FAST_MATH = YES;
				SDKROOT = iphoneos;
				SWIFT_COMPILATION_MODE = wholemodule;
				SWIFT_OPTIMIZATION_LEVEL = "-O";
				VALIDATE_PRODUCT = YES;
			};
			name = Release;
		};
		9E78B48222C4827600B06CF6 /* Debug */ = {
			isa = XCBuildConfiguration;
			buildSettings = {
				ASSETCATALOG_COMPILER_APPICON_NAME = AppIcon;
				CODE_SIGN_STYLE = Automatic;
				DEVELOPMENT_TEAM = H2C4R2VE3A;
				INFOPLIST_FILE = LearningProject/Info.plist;
				LD_RUNPATH_SEARCH_PATHS = (
					"$(inherited)",
					"@executable_path/Frameworks",
				);
				PRODUCT_BUNDLE_IDENTIFIER = Ait.LearningProject;
				PRODUCT_NAME = "$(TARGET_NAME)";
				SWIFT_VERSION = 5.0;
				TARGETED_DEVICE_FAMILY = "1,2";
			};
			name = Debug;
		};
		9E78B48322C4827600B06CF6 /* Release */ = {
			isa = XCBuildConfiguration;
			buildSettings = {
				ASSETCATALOG_COMPILER_APPICON_NAME = AppIcon;
				CODE_SIGN_STYLE = Automatic;
				DEVELOPMENT_TEAM = H2C4R2VE3A;
				INFOPLIST_FILE = LearningProject/Info.plist;
				LD_RUNPATH_SEARCH_PATHS = (
					"$(inherited)",
					"@executable_path/Frameworks",
				);
				PRODUCT_BUNDLE_IDENTIFIER = Ait.LearningProject;
				PRODUCT_NAME = "$(TARGET_NAME)";
				SWIFT_VERSION = 5.0;
				TARGETED_DEVICE_FAMILY = "1,2";
			};
			name = Release;
		};
/* End XCBuildConfiguration section */

/* Begin XCConfigurationList section */
		9E78B46A22C4827000B06CF6 /* Build configuration list for PBXProject "LearningProject" */ = {
			isa = XCConfigurationList;
			buildConfigurations = (
				9E78B47F22C4827600B06CF6 /* Debug */,
				9E78B48022C4827600B06CF6 /* Release */,
			);
			defaultConfigurationIsVisible = 0;
			defaultConfigurationName = Release;
		};
		9E78B48122C4827600B06CF6 /* Build configuration list for PBXNativeTarget "LearningProject" */ = {
			isa = XCConfigurationList;
			buildConfigurations = (
				9E78B48222C4827600B06CF6 /* Debug */,
				9E78B48322C4827600B06CF6 /* Release */,
			);
			defaultConfigurationIsVisible = 0;
			defaultConfigurationName = Release;
		};
/* End XCConfigurationList section */
	};
	rootObject = 9E78B46722C4827000B06CF6 /* Project object */;
}
